<?xml version="1.0" encoding="UTF-8"?>
<Scheme
   LastUpgradeVersion = "2640"
   version = "1.7">
   <!--
      NextOutcome — the everyday scheme: Debug for Run/Test, Release for Profile/Archive.

      This used to be auto-generated by Xcode. It is checked in now because adding any
      shared scheme to a project stops Xcode auto-creating the rest, and because a scheme
      in git is one fewer thing that differs between two developers' machines.

      For performance work use "NextOutcome (Profile)" instead — it runs Release with the
      debugger and the runtime checkers off. See docs/performance/baselines.md.
   -->
   <BuildAction
      parallelizeBuildables = "YES"
      buildImplicitDependencies = "YES"
      buildArchitectures = "Automatic">
      <BuildActionEntries>
         <BuildActionEntry
            buildForTesting = "YES"
            buildForRunning = "YES"
            buildForProfiling = "YES"
            buildForArchiving = "YES"
            buildForAnalyzing = "YES">
            <BuildableReference
               BuildableIdentifier = "primary"
               BlueprintIdentifier = "6999852E2FF188A80055E4BF"
               BuildableName = "NextOutcome.app"
               BlueprintName = "NextOutcome"
               ReferencedContainer = "container:NextOutcome.xcodeproj">
            </BuildableReference>
         </BuildActionEntry>
      </BuildActionEntries>
   </BuildAction>
   <TestAction
      buildConfiguration = "Debug"
      selectedDebuggerIdentifier = "Xcode.DebuggerFoundation.Debugger.LLDB"
      selectedLauncherIdentifier = "Xcode.DebuggerFoundation.Launcher.LLDB"
      shouldUseLaunchSchemeArgsEnv = "YES">
      <Testables>
         <TestableReference
            skipped = "NO">
            <BuildableReference
               BuildableIdentifier = "primary"
               BlueprintIdentifier = "6999853F2FF188AB0055E4BF"
               BuildableName = "NextOutcomeTests.xctest"
               BlueprintName = "NextOutcomeTests"
               ReferencedContainer = "container:NextOutcome.xcodeproj">
            </BuildableReference>
         </TestableReference>
         <TestableReference
            skipped = "NO">
            <BuildableReference
               BuildableIdentifier = "primary"
               BlueprintIdentifier = "699985492FF188AC0055E4BF"
               BuildableName = "NextOutcomeUITests.xctest"
               BlueprintName = "NextOutcomeUITests"
               ReferencedContainer = "container:NextOutcome.xcodeproj">
            </BuildableReference>
         </TestableReference>
      </Testables>
   </TestAction>
   <LaunchAction
      buildConfiguration = "Debug"
      selectedDebuggerIdentifier = "Xcode.DebuggerFoundation.Debugger.LLDB"
      selectedLauncherIdentifier = "Xcode.DebuggerFoundation.Launcher.LLDB"
      launchStyle = "0"
      useCustomWorkingDirectory = "NO"
      ignoresPersistentStateOnLaunch = "NO"
      debugDocumentVersioning = "YES"
      debugServiceExtension = "internal"
      enableGPUValidationMode = "1"
      allowLocationSimulation = "YES">
      <BuildableProductRunnable
         runnableDebuggingMode = "0">
         <BuildableReference
            BuildableIdentifier = "primary"
            BlueprintIdentifier = "6999852E2FF188A80055E4BF"
            BuildableName = "NextOutcome.app"
            BlueprintName = "NextOutcome"
            ReferencedContainer = "container:NextOutcome.xcodeproj">
         </BuildableReference>
      </BuildableProductRunnable>
   </LaunchAction>
   <ProfileAction
      buildConfiguration = "Release"
      shouldUseLaunchSchemeArgsEnv = "YES"
      savedToolIdentifier = ""
      useCustomWorkingDirectory = "NO"
      debugDocumentVersioning = "YES">
      <BuildableProductRunnable
         runnableDebuggingMode = "0">
         <BuildableReference
            BuildableIdentifier = "primary"
            BlueprintIdentifier = "6999852E2FF188A80055E4BF"
            BuildableName = "NextOutcome.app"
            BlueprintName = "NextOutcome"
            ReferencedContainer = "container:NextOutcome.xcodeproj">
         </BuildableReference>
      </BuildableProductRunnable>
   </ProfileAction>
   <AnalyzeAction
      buildConfiguration = "Debug">
   </AnalyzeAction>
   <ArchiveAction
      buildConfiguration = "Release"
      revealArchiveInOrganizer = "YES">
   </ArchiveAction>
</Scheme>
